# This file is generated by running "yarn install" inside your project.
# Manual changes might be lost - proceed with caution!

__metadata:
  version: 8
  cacheKey: 10c0

"alfred-text-to-calendar@workspace:.":
  version: 0.0.0-use.local
  resolution: "alfred-text-to-calendar@workspace:."
  dependencies:
    husky: "npm:^8.0.3"
    ical-generator: "npm:^5.0.0"
    openai: "npm:^6.3.0"
    tmp-promise: "npm:^3.0.0"
    zod: "npm:^3.25.0"
  languageName: unknown
  linkType: soft

"husky@npm:^8.0.3":
  version: 8.0.3
  resolution: "husky@npm:8.0.3"
  bin:
    husky: lib/bin.js
  checksum: 10c0/6722591771c657b91a1abb082e07f6547eca79144d678e586828ae806499d90dce2a6aee08b66183fd8b085f19d20e0990a2ad396961746b4c8bd5bdb619d668
  languageName: node
  linkType: hard

"ical-generator@npm:^5.0.0":
  version: 5.0.1
  resolution: "ical-generator@npm:5.0.1"
  dependencies:
    uuid-random: "npm:^1.3.2"
  peerDependencies:
    "@touch4it/ical-timezones": ">=1.6.0"
    "@types/luxon": ">= 1.26.0"
    "@types/mocha": ">= 8.2.1"
    "@types/node": ">= 15.0.0"
    dayjs: ">= 1.10.0"
    luxon: ">= 1.26.0"
    moment: ">= 2.29.0"
    moment-timezone: ">= 0.5.33"
    rrule: ">= 2.6.8"
  peerDependenciesMeta:
    "@touch4it/ical-timezones":
      optional: true
    "@types/luxon":
      optional: true
    "@types/mocha":
      optional: true
    "@types/node":
      optional: true
    dayjs:
      optional: true
    luxon:
      optional: true
    moment:
      optional: true
    moment-timezone:
      optional: true
    rrule:
      optional: true
  checksum: 10c0/c3c2dfcd150814df45d2d7db00054294322629783f749198bc49b6815c925aba3940be4f361c61a6f20dbcb0a8537d85927e4648a0fd11b5d39c1726919eb576
  languageName: node
  linkType: hard

"openai@npm:^6.3.0":
  version: 6.3.0
  resolution: "openai@npm:6.3.0"
  peerDependencies:
    ws: ^8.18.0
    zod: ^3.25 || ^4.0
  peerDependenciesMeta:
    ws:
      optional: true
    zod:
      optional: true
  bin:
    openai: bin/cli
  checksum: 10c0/192304069a75b9b0d71ee6e1b719544ec31f6f64cd750e1837cff9cc00187c023c80dd2c6d3049627b3b74721dd0a463a8fed230443003e4ab72c705c0d540dc
  languageName: node
  linkType: hard

"tmp-promise@npm:^3.0.0":
  version: 3.0.3
  resolution: "tmp-promise@npm:3.0.3"
  dependencies:
    tmp: "npm:^0.2.0"
  checksum: 10c0/23b47dcb2e82b14bbd8f61ed7a9d9353cdb6a6f09d7716616cfd27d0087040cd40152965a518e598d7aabe1489b9569bf1eebde0c5fadeaf3ec8098adcebea4e
  languageName: node
  linkType: hard

"tmp@npm:^0.2.0":
  version: 0.2.3
  resolution: "tmp@npm:0.2.3"
  checksum: 10c0/3e809d9c2f46817475b452725c2aaa5d11985cf18d32a7a970ff25b568438e2c076c2e8609224feef3b7923fa9749b74428e3e634f6b8e520c534eef2fd24125
  languageName: node
  linkType: hard

"uuid-random@npm:^1.3.2":
  version: 1.3.2
  resolution: "uuid-random@npm:1.3.2"
  checksum: 10c0/14cb0fc8d52738b9f3b856df39e82f50650dad3dca254d3e62742148ba57292697c53d7bb171b84ad9d0f9d9231fd0f13d13eb65cb67b7d6c994f78d40e5e363
  languageName: node
  linkType: hard

"zod@npm:^3.25.0":
  version: 3.25.76
  resolution: "zod@npm:3.25.76"
  checksum: 10c0/5718ec35e3c40b600316c5b4c5e4976f7fee68151bc8f8d90ec18a469be9571f072e1bbaace10f1e85cf8892ea12d90821b200e980ab46916a6166a4260a983c
  languageName: node
  linkType: hard
